# This file is autogenerated, do not edit; changes may be undone by the next 'dep ensure'.


[[projects]]
  branch = "master"
  name = "github.com/Arafatk/glot"
  packages = ["."]
  revision = "79d5219000f05727de933dbd5259b4dce6aacbc0"

[[projects]]
  name = "github.com/mattn/go-sqlite3"
  packages = ["."]
  revision = "25ecb14adfc7543176f7d85291ec7dba82c6f7e4"
  version = "v1.9.0"

[solve-meta]
  analyzer-name = "dep"
  analyzer-version = 1
  inputs-digest = "9fa6f4dac2c598a8cc15c29d4a575e48b0fb521fdc2ca4ee4b1dc3277a1c89f1"
  solver-name = "gps-cdcl"
  solver-version = 1
