# This file is autogenerated, do not edit; changes may be undone by the next 'dep ensure'.


[[projects]]
  branch = "master"
  name = "github.com/Arafatk/glot"
  packages = ["."]
  revision = "79d5219000f05727de933dbd5259b4dce6aacbc0"

[[projects]]
  name = "github.com/mattn/go-sqlite3"
  packages = ["."]
  revision = "25ecb14adfc7543176f7d85291ec7dba82c6f7e4"
  version = "v1.9.0"

[[projects]]
  name = "github.com/pkg/profile"
  packages = ["."]
  revision = "5b67d428864e92711fcbd2f8629456121a56d91f"
  version = "v1.2.1"

[solve-meta]
  analyzer-name = "dep"
  analyzer-version = 1
  inputs-digest = "9eff33e1e8863a1778d3f21a0e0f1e979b8c62a529884a468d398a3309553474"
  solver-name = "gps-cdcl"
  solver-version = 1
